
Microsoft Visual Studio Solution File, Format Version 12.00
# Visual Studio Version 17
VisualStudioVersion = 17.5.33530.505
MinimumVisualStudioVersion = 10.0.40219.1
Project("{54A90642-561A-4BB1-A94E-469ADEE60C69}") = "UI", "UI\UI.esproj", "{7DD519B1-F04C-4A56-8FCC-17D6344387E3}"
EndProject
Global
	GlobalSection(SolutionConfigurationPlatforms) = preSolution
		Debug|Any CPU = Debug|Any CPU
		Release|Any CPU = Release|Any CPU
	EndGlobalSection
	GlobalSection(ProjectConfigurationPlatforms) = postSolution
		{7DD519B1-F04C-4A56-8FCC-17D6344387E3}.Debug|Any CPU.ActiveCfg = Debug|Any CPU
		{7DD519B1-F04C-4A56-8FCC-17D6344387E3}.Debug|Any CPU.Build.0 = Debug|Any CPU
		{7DD519B1-F04C-4A56-8FCC-17D6344387E3}.Debug|Any CPU.Deploy.0 = Debug|Any CPU
		{7DD519B1-F04C-4A56-8FCC-17D6344387E3}.Release|Any CPU.ActiveCfg = Release|Any CPU
		{7DD519B1-F04C-4A56-8FCC-17D6344387E3}.Release|Any CPU.Build.0 = Release|Any CPU
		{7DD519B1-F04C-4A56-8FCC-17D6344387E3}.Release|Any CPU.Deploy.0 = Release|Any CPU
	EndGlobalSection
	GlobalSection(SolutionProperties) = preSolution
		HideSolutionNode = FALSE
	EndGlobalSection
	GlobalSection(ExtensibilityGlobals) = postSolution
		SolutionGuid = {A83FE735-3D89-4CBD-AD74-24D1839D6932}
	EndGlobalSection
EndGlobal
